// !$*UTF8*$!
{
	archiveVersion = 1;
	classes = {
	};
	objectVersion = 46;
	objects = {

/* Begin PBXBuildFile section */
		2C1B6B141B9139E700070F4F /* AddTeaViewController.swift in Sources */ = {isa = PBXBuildFile; fileRef = 2C1B6B131B9139E700070F4F /* AddTeaViewController.swift */; };
		2C1B6B161B913ABA00070F4F /* TeaListTableViewController.swift in Sources */ = {isa = PBXBuildFile; fileRef = 2C1B6B151B913ABA00070F4F /* TeaListTableViewController.swift */; };
		2C1B6B181B913F0800070F4F /* Tea.swift in Sources */ = {isa = PBXBuildFile; fileRef = 2C1B6B171B913F0800070F4F /* Tea.swift */; };
		2C68CCDE1B8DBFD500467D29 /* AppDelegate.swift in Sources */ = {isa = PBXBuildFile; fileRef = 2C68CCDD1B8DBFD500467D29 /* AppDelegate.swift */; };
		2C68CCE01B8DBFD500467D29 /* ViewController.swift in Sources */ = {isa = PBXBuildFile; fileRef = 2C68CCDF1B8DBFD500467D29 /* ViewController.swift */; };
		2C68CCE31B8DBFD500467D29 /* Main.storyboard in Resources */ = {isa = PBXBuildFile; fileRef = 2C68CCE11B8DBFD500467D29 /* Main.storyboard */; };
		2C68CCE51B8DBFD500467D29 /* Assets.xcassets in Resources */ = {isa = PBXBuildFile; fileRef = 2C68CCE41B8DBFD500467D29 /* Assets.xcassets */; };
		2C68CCE81B8DBFD500467D29 /* LaunchScreen.storyboard in Resources */ = {isa = PBXBuildFile; fileRef = 2C68CCE61B8DBFD500467D29 /* LaunchScreen.storyboard */; };
		2C68CCF31B8DBFD500467D29 /* teaApp_3Tests.swift in Sources */ = {isa = PBXBuildFile; fileRef = 2C68CCF21B8DBFD500467D29 /* teaApp_3Tests.swift */; };
		2C68CCFE1B8DBFD500467D29 /* teaApp_3UITests.swift in Sources */ = {isa = PBXBuildFile; fileRef = 2C68CCFD1B8DBFD500467D29 /* teaApp_3UITests.swift */; };
		2CB752C21B90BC2600DA8B9E /* ToDoItem.swift in Sources */ = {isa = PBXBuildFile; fileRef = 2CB752C11B90BC2600DA8B9E /* ToDoItem.swift */; };
/* End PBXBuildFile section */

/* Begin PBXContainerItemProxy section */
		2C68CCEF1B8DBFD500467D29 /* PBXContainerItemProxy */ = {
			isa = PBXContainerItemProxy;
			containerPortal = 2C68CCD21B8DBFD500467D29 /* Project object */;
			proxyType = 1;
			remoteGlobalIDString = 2C68CCD91B8DBFD500467D29;
			remoteInfo = teaApp.3;
		};
		2C68CCFA1B8DBFD500467D29 /* PBXContainerItemProxy */ = {
			isa = PBXContainerItemProxy;
			containerPortal = 2C68CCD21B8DBFD500467D29 /* Project object */;
			proxyType = 1;
			remoteGlobalIDString = 2C68CCD91B8DBFD500467D29;
			remoteInfo = teaApp.3;
		};
/* End PBXContainerItemProxy section */

/* Begin PBXFileReference section */
		2C1B6B131B9139E700070F4F /* AddTeaViewController.swift */ = {isa = PBXFileReference; fileEncoding = 4; lastKnownFileType = sourcecode.swift; path = AddTeaViewController.swift; sourceTree = "<group>"; };
		2C1B6B151B913ABA00070F4F /* TeaListTableViewController.swift */ = {isa = PBXFileReference; fileEncoding = 4; lastKnownFileType = sourcecode.swift; path = TeaListTableViewController.swift; sourceTree = "<group>"; };
		2C1B6B171B913F0800070F4F /* Tea.swift */ = {isa = PBXFileReference; fileEncoding = 4; lastKnownFileType = sourcecode.swift; path = Tea.swift; sourceTree = "<group>"; };
		2C68CCDA1B8DBFD500467D29 /* teaApp.3.app */ = {isa = PBXFileReference; explicitFileType = wrapper.application; includeInIndex = 0; path = teaApp.3.app; sourceTree = BUILT_PRODUCTS_DIR; };
		2C68CCDD1B8DBFD500467D29 /* AppDelegate.swift */ = {isa = PBXFileReference; lastKnownFileType = sourcecode.swift; path = AppDelegate.swift; sourceTree = "<group>"; };
		2C68CCDF1B8DBFD500467D29 /* ViewController.swift */ = {isa = PBXFileReference; lastKnownFileType = sourcecode.swift; path = ViewController.swift; sourceTree = "<group>"; };
		2C68CCE21B8DBFD500467D29 /* Base */ = {isa = PBXFileReference; lastKnownFileType = file.storyboard; name = Base; path = Base.lproj/Main.storyboard; sourceTree = "<group>"; };
		2C68CCE41B8DBFD500467D29 /* Assets.xcassets */ = {isa = PBXFileReference; lastKnownFileType = folder.assetcatalog; path = Assets.xcassets; sourceTree = "<group>"; };
		2C68CCE71B8DBFD500467D29 /* Base */ = {isa = PBXFileReference; lastKnownFileType = file.storyboard; name = Base; path = Base.lproj/LaunchScreen.storyboard; sourceTree = "<group>"; };
		2C68CCE91B8DBFD500467D29 /* Info.plist */ = {isa = PBXFileReference; lastKnownFileType = text.plist.xml; path = Info.plist; sourceTree = "<group>"; };
		2C68CCEE1B8DBFD500467D29 /* teaApp.3Tests.xctest */ = {isa = PBXFileReference; explicitFileType = wrapper.cfbundle; includeInIndex = 0; path = teaApp.3Tests.xctest; sourceTree = BUILT_PRODUCTS_DIR; };
		2C68CCF21B8DBFD500467D29 /* teaApp_3Tests.swift */ = {isa = PBXFileReference; lastKnownFileType = sourcecode.swift; path = teaApp_3Tests.swift; sourceTree = "<group>"; };
		2C68CCF41B8DBFD500467D29 /* Info.plist */ = {isa = PBXFileReference; lastKnownFileType = text.plist.xml; path = Info.plist; sourceTree = "<group>"; };
		2C68CCF91B8DBFD500467D29 /* teaApp.3UITests.xctest */ = {isa = PBXFileReference; explicitFileType = wrapper.cfbundle; includeInIndex = 0; path = teaApp.3UITests.xctest; sourceTree = BUILT_PRODUCTS_DIR; };
		2C68CCFD1B8DBFD500467D29 /* teaApp_3UITests.swift */ = {isa = PBXFileReference; lastKnownFileType = sourcecode.swift; path = teaApp_3UITests.swift; sourceTree = "<group>"; };
		2C68CCFF1B8DBFD500467D29 /* Info.plist */ = {isa = PBXFileReference; lastKnownFileType = text.plist.xml; path = Info.plist; sourceTree = "<group>"; };
		2C68CD111B8EFE6A00467D29 /* teaApp.3-Bridging-Header.h */ = {isa = PBXFileReference; lastKnownFileType = sourcecode.c.h; path = "teaApp.3-Bridging-Header.h"; sourceTree = "<group>"; };
		2CB752C11B90BC2600DA8B9E /* ToDoItem.swift */ = {isa = PBXFileReference; fileEncoding = 4; lastKnownFileType = sourcecode.swift; path = ToDoItem.swift; sourceTree = "<group>"; };
/* End PBXFileReference section */

/* Begin PBXFrameworksBuildPhase section */
		2C68CCD71B8DBFD500467D29 /* Frameworks */ = {
			isa = PBXFrameworksBuildPhase;
			buildActionMask = 2147483647;
			files = (
			);
			runOnlyForDeploymentPostprocessing = 0;
		};
		2C68CCEB1B8DBFD500467D29 /* Frameworks */ = {
			isa = PBXFrameworksBuildPhase;
			buildActionMask = 2147483647;
			files = (
			);
			runOnlyForDeploymentPostprocessing = 0;
		};
		2C68CCF61B8DBFD500467D29 /* Frameworks */ = {
			isa = PBXFrameworksBuildPhase;
			buildActionMask = 2147483647;
			files = (
			);
			runOnlyForDeploymentPostprocessing = 0;
		};
/* End PBXFrameworksBuildPhase section */

/* Begin PBXGroup section */
		2C68CCD11B8DBFD500467D29 = {
			isa = PBXGroup;
			children = (
				2C68CCDC1B8DBFD500467D29 /* teaApp.3 */,
				2C68CCF11B8DBFD500467D29 /* teaApp.3Tests */,
				2C68CCFC1B8DBFD500467D29 /* teaApp.3UITests */,
				2C68CCDB1B8DBFD500467D29 /* Products */,
				2C68CD111B8EFE6A00467D29 /* teaApp.3-Bridging-Header.h */,
			);
			sourceTree = "<group>";
		};
		2C68CCDB1B8DBFD500467D29 /* Products */ = {
			isa = PBXGroup;
			children = (
				2C68CCDA1B8DBFD500467D29 /* teaApp.3.app */,
				2C68CCEE1B8DBFD500467D29 /* teaApp.3Tests.xctest */,
				2C68CCF91B8DBFD500467D29 /* teaApp.3UITests.xctest */,
			);
			name = Products;
			sourceTree = "<group>";
		};
		2C68CCDC1B8DBFD500467D29 /* teaApp.3 */ = {
			isa = PBXGroup;
			children = (
				2C68CCDD1B8DBFD500467D29 /* AppDelegate.swift */,
				2C68CCDF1B8DBFD500467D29 /* ViewController.swift */,
				2C68CCE11B8DBFD500467D29 /* Main.storyboard */,
				2C1B6B171B913F0800070F4F /* Tea.swift */,
				2C1B6B131B9139E700070F4F /* AddTeaViewController.swift */,
				2C1B6B151B913ABA00070F4F /* TeaListTableViewController.swift */,
				2CB752C11B90BC2600DA8B9E /* ToDoItem.swift */,
				2C68CCE41B8DBFD500467D29 /* Assets.xcassets */,
				2C68CCE61B8DBFD500467D29 /* LaunchScreen.storyboard */,
				2C68CCE91B8DBFD500467D29 /* Info.plist */,
			);
			path = teaApp.3;
			sourceTree = "<group>";
		};
		2C68CCF11B8DBFD500467D29 /* teaApp.3Tests */ = {
			isa = PBXGroup;
			children = (
				2C68CCF21B8DBFD500467D29 /* teaApp_3Tests.swift */,
				2C68CCF41B8DBFD500467D29 /* Info.plist */,
			);
			path = teaApp.3Tests;
			sourceTree = "<group>";
		};
		2C68CCFC1B8DBFD500467D29 /* teaApp.3UITests */ = {
			isa = PBXGroup;
			children = (
				2C68CCFD1B8DBFD500467D29 /* teaApp_3UITests.swift */,
				2C68CCFF1B8DBFD500467D29 /* Info.plist */,
			);
			path = teaApp.3UITests;
			sourceTree = "<group>";
		};
/* End PBXGroup section */

/* Begin PBXNativeTarget section */
		2C68CCD91B8DBFD500467D29 /* teaApp.3 */ = {
			isa = PBXNativeTarget;
			buildConfigurationList = 2C68CD021B8DBFD500467D29 /* Build configuration list for PBXNativeTarget "teaApp.3" */;
			buildPhases = (
				2C68CCD61B8DBFD500467D29 /* Sources */,
				2C68CCD71B8DBFD500467D29 /* Frameworks */,
				2C68CCD81B8DBFD500467D29 /* Resources */,
			);
			buildRules = (
			);
			dependencies = (
			);
			name = teaApp.3;
			productName = teaApp.3;
			productReference = 2C68CCDA1B8DBFD500467D29 /* teaApp.3.app */;
			productType = "com.apple.product-type.application";
		};
		2C68CCED1B8DBFD500467D29 /* teaApp.3Tests */ = {
			isa = PBXNativeTarget;
			buildConfigurationList = 2C68CD051B8DBFD500467D29 /* Build configuration list for PBXNativeTarget "teaApp.3Tests" */;
			buildPhases = (
				2C68CCEA1B8DBFD500467D29 /* Sources */,
				2C68CCEB1B8DBFD500467D29 /* Frameworks */,
				2C68CCEC1B8DBFD500467D29 /* Resources */,
			);
			buildRules = (
			);
			dependencies = (
				2C68CCF01B8DBFD500467D29 /* PBXTargetDependency */,
			);
			name = teaApp.3Tests;
			productName = teaApp.3Tests;
			productReference = 2C68CCEE1B8DBFD500467D29 /* teaApp.3Tests.xctest */;
			productType = "com.apple.product-type.bundle.unit-test";
		};
		2C68CCF81B8DBFD500467D29 /* teaApp.3UITests */ = {
			isa = PBXNativeTarget;
			buildConfigurationList = 2C68CD081B8DBFD500467D29 /* Build configuration list for PBXNativeTarget "teaApp.3UITests" */;
			buildPhases = (
				2C68CCF51B8DBFD500467D29 /* Sources */,
				2C68CCF61B8DBFD500467D29 /* Frameworks */,
				2C68CCF71B8DBFD500467D29 /* Resources */,
			);
			buildRules = (
			);
			dependencies = (
				2C68CCFB1B8DBFD500467D29 /* PBXTargetDependency */,
			);
			name = teaApp.3UITests;
			productName = teaApp.3UITests;
			productReference = 2C68CCF91B8DBFD500467D29 /* teaApp.3UITests.xctest */;
			productType = "com.apple.product-type.bundle.ui-testing";
		};
/* End PBXNativeTarget section */

/* Begin PBXProject section */
		2C68CCD21B8DBFD500467D29 /* Project object */ = {
			isa = PBXProject;
			attributes = {
				LastSwiftUpdateCheck = 0700;
				LastUpgradeCheck = 0700;
				ORGANIZATIONNAME = "john wang";
				TargetAttributes = {
					2C68CCD91B8DBFD500467D29 = {
						CreatedOnToolsVersion = 7.0;
						DevelopmentTeam = A2F7976Z2W;
					};
					2C68CCED1B8DBFD500467D29 = {
						CreatedOnToolsVersion = 7.0;
						TestTargetID = 2C68CCD91B8DBFD500467D29;
					};
					2C68CCF81B8DBFD500467D29 = {
						CreatedOnToolsVersion = 7.0;
						TestTargetID = 2C68CCD91B8DBFD500467D29;
					};
				};
			};
			buildConfigurationList = 2C68CCD51B8DBFD500467D29 /* Build configuration list for PBXProject "teaApp.3" */;
			compatibilityVersion = "Xcode 3.2";
			developmentRegion = English;
			hasScannedForEncodings = 0;
			knownRegions = (
				en,
				Base,
			);
			mainGroup = 2C68CCD11B8DBFD500467D29;
			productRefGroup = 2C68CCDB1B8DBFD500467D29 /* Products */;
			projectDirPath = "";
			projectRoot = "";
			targets = (
				2C68CCD91B8DBFD500467D29 /* teaApp.3 */,
				2C68CCED1B8DBFD500467D29 /* teaApp.3Tests */,
				2C68CCF81B8DBFD500467D29 /* teaApp.3UITests */,
			);
		};
/* End PBXProject section */

/* Begin PBXResourcesBuildPhase section */
		2C68CCD81B8DBFD500467D29 /* Resources */ = {
			isa = PBXResourcesBuildPhase;
			buildActionMask = 2147483647;
			files = (
				2C68CCE81B8DBFD500467D29 /* LaunchScreen.storyboard in Resources */,
				2C68CCE51B8DBFD500467D29 /* Assets.xcassets in Resources */,
				2C68CCE31B8DBFD500467D29 /* Main.storyboard in Resources */,
			);
			runOnlyForDeploymentPostprocessing = 0;
		};
		2C68CCEC1B8DBFD500467D29 /* Resources */ = {
			isa = PBXResourcesBuildPhase;
			buildActionMask = 2147483647;
			files = (
			);
			runOnlyForDeploymentPostprocessing = 0;
		};
		2C68CCF71B8DBFD500467D29 /* Resources */ = {
			isa = PBXResourcesBuildPhase;
			buildActionMask = 2147483647;
			files = (
			);
			runOnlyForDeploymentPostprocessing = 0;
		};
/* End PBXResourcesBuildPhase section */

/* Begin PBXSourcesBuildPhase section */
		2C68CCD61B8DBFD500467D29 /* Sources */ = {
			isa = PBXSourcesBuildPhase;
			buildActionMask = 2147483647;
			files = (
				2C1B6B181B913F0800070F4F /* Tea.swift in Sources */,
				2C68CCE01B8DBFD500467D29 /* ViewController.swift in Sources */,
				2CB752C21B90BC2600DA8B9E /* ToDoItem.swift in Sources */,
				2C68CCDE1B8DBFD500467D29 /* AppDelegate.swift in Sources */,
				2C1B6B161B913ABA00070F4F /* TeaListTableViewController.swift in Sources */,
				2C1B6B141B9139E700070F4F /* AddTeaViewController.swift in Sources */,
			);
			runOnlyForDeploymentPostprocessing = 0;
		};
		2C68CCEA1B8DBFD500467D29 /* Sources */ = {
			isa = PBXSourcesBuildPhase;
			buildActionMask = 2147483647;
			files = (
				2C68CCF31B8DBFD500467D29 /* teaApp_3Tests.swift in Sources */,
			);
			runOnlyForDeploymentPostprocessing = 0;
		};
		2C68CCF51B8DBFD500467D29 /* Sources */ = {
			isa = PBXSourcesBuildPhase;
			buildActionMask = 2147483647;
			files = (
				2C68CCFE1B8DBFD500467D29 /* teaApp_3UITests.swift in Sources */,
			);
			runOnlyForDeploymentPostprocessing = 0;
		};
/* End PBXSourcesBuildPhase section */

/* Begin PBXTargetDependency section */
		2C68CCF01B8DBFD500467D29 /* PBXTargetDependency */ = {
			isa = PBXTargetDependency;
			target = 2C68CCD91B8DBFD500467D29 /* teaApp.3 */;
			targetProxy = 2C68CCEF1B8DBFD500467D29 /* PBXContainerItemProxy */;
		};
		2C68CCFB1B8DBFD500467D29 /* PBXTargetDependency */ = {
			isa = PBXTargetDependency;
			target = 2C68CCD91B8DBFD500467D29 /* teaApp.3 */;
			targetProxy = 2C68CCFA1B8DBFD500467D29 /* PBXContainerItemProxy */;
		};
/* End PBXTargetDependency section */

/* Begin PBXVariantGroup section */
		2C68CCE11B8DBFD500467D29 /* Main.storyboard */ = {
			isa = PBXVariantGroup;
			children = (
				2C68CCE21B8DBFD500467D29 /* Base */,
			);
			name = Main.storyboard;
			sourceTree = "<group>";
		};
		2C68CCE61B8DBFD500467D29 /* LaunchScreen.storyboard */ = {
			isa = PBXVariantGroup;
			children = (
				2C68CCE71B8DBFD500467D29 /* Base */,
			);
			name = LaunchScreen.storyboard;
			sourceTree = "<group>";
		};
/* End PBXVariantGroup section */

/* Begin XCBuildConfiguration section */
		2C68CD001B8DBFD500467D29 /* Debug */ = {
			isa = XCBuildConfiguration;
			buildSettings = {
				ALWAYS_SEARCH_USER_PATHS = NO;
				CLANG_CXX_LANGUAGE_STANDARD = "gnu++0x";
				CLANG_CXX_LIBRARY = "libc++";
				CLANG_ENABLE_MODULES = YES;
				CLANG_ENABLE_OBJC_ARC = YES;
				CLANG_WARN_BOOL_CONVERSION = YES;
				CLANG_WARN_CONSTANT_CONVERSION = YES;
				CLANG_WARN_DIRECT_OBJC_ISA_USAGE = YES_ERROR;
				CLANG_WARN_EMPTY_BODY = YES;
				CLANG_WARN_ENUM_CONVERSION = YES;
				CLANG_WARN_INT_CONVERSION = YES;
				CLANG_WARN_OBJC_ROOT_CLASS = YES_ERROR;
				CLANG_WARN_UNREACHABLE_CODE = YES;
				CLANG_WARN__DUPLICATE_METHOD_MATCH = YES;
				"CODE_SIGN_IDENTITY[sdk=iphoneos*]" = "iPhone Developer";
				COPY_PHASE_STRIP = NO;
				DEBUG_INFORMATION_FORMAT = dwarf;
				ENABLE_STRICT_OBJC_MSGSEND = YES;
				ENABLE_TESTABILITY = YES;
				GCC_C_LANGUAGE_STANDARD = gnu99;
				GCC_DYNAMIC_NO_PIC = NO;
				GCC_NO_COMMON_BLOCKS = YES;
				GCC_OPTIMIZATION_LEVEL = 0;
				GCC_PREPROCESSOR_DEFINITIONS = (
					"DEBUG=1",
					"$(inherited)",
				);
				GCC_WARN_64_TO_32_BIT_CONVERSION = YES;
				GCC_WARN_ABOUT_RETURN_TYPE = YES_ERROR;
				GCC_WARN_UNDECLARED_SELECTOR = YES;
				GCC_WARN_UNINITIALIZED_AUTOS = YES_AGGRESSIVE;
				GCC_WARN_UNUSED_FUNCTION = YES;
				GCC_WARN_UNUSED_VARIABLE = YES;
				IPHONEOS_DEPLOYMENT_TARGET = 9.0;
				MTL_ENABLE_DEBUG_INFO = YES;
				ONLY_ACTIVE_ARCH = YES;
				SDKROOT = iphoneos;
				SWIFT_OPTIMIZATION_LEVEL = "-Onone";
				TARGETED_DEVICE_FAMILY = "1,2";
			};
			name = Debug;
		};
		2C68CD011B8DBFD500467D29 /* Release */ = {
			isa = XCBuildConfiguration;
			buildSettings = {
				ALWAYS_SEARCH_USER_PATHS = NO;
				CLANG_CXX_LANGUAGE_STANDARD = "gnu++0x";
				CLANG_CXX_LIBRARY = "libc++";
				CLANG_ENABLE_MODULES = YES;
				CLANG_ENABLE_OBJC_ARC = YES;
				CLANG_WARN_BOOL_CONVERSION = YES;
				CLANG_WARN_CONSTANT_CONVERSION = YES;
				CLANG_WARN_DIRECT_OBJC_ISA_USAGE = YES_ERROR;
				CLANG_WARN_EMPTY_BODY = YES;
				CLANG_WARN_ENUM_CONVERSION = YES;
				CLANG_WARN_INT_CONVERSION = YES;
				CLANG_WARN_OBJC_ROOT_CLASS = YES_ERROR;
				CLANG_WARN_UNREACHABLE_CODE = YES;
				CLANG_WARN__DUPLICATE_METHOD_MATCH = YES;
				"CODE_SIGN_IDENTITY[sdk=iphoneos*]" = "iPhone Developer";
				COPY_PHASE_STRIP = NO;
				DEBUG_INFORMATION_FORMAT = "dwarf-with-dsym";
				ENABLE_NS_ASSERTIONS = NO;
				ENABLE_STRICT_OBJC_MSGSEND = YES;
				GCC_C_LANGUAGE_STANDARD = gnu99;
				GCC_NO_COMMON_BLOCKS = YES;
				GCC_WARN_64_TO_32_BIT_CONVERSION = YES;
				GCC_WARN_ABOUT_RETURN_TYPE = YES_ERROR;
				GCC_WARN_UNDECLARED_SELECTOR = YES;
				GCC_WARN_UNINITIALIZED_AUTOS = YES_AGGRESSIVE;
				GCC_WARN_UNUSED_FUNCTION = YES;
				GCC_WARN_UNUSED_VARIABLE = YES;
				IPHONEOS_DEPLOYMENT_TARGET = 9.0;
				MTL_ENABLE_DEBUG_INFO = NO;
				SDKROOT = iphoneos;
				TARGETED_DEVICE_FAMILY = "1,2";
				VALIDATE_PRODUCT = YES;
			};
			name = Release;
		};
		2C68CD031B8DBFD500467D29 /* Debug */ = {
			isa = XCBuildConfiguration;
			buildSettings = {
				ASSETCATALOG_COMPILER_APPICON_NAME = AppIcon;
				CLANG_ENABLE_MODULES = YES;
				CODE_SIGN_IDENTITY = "iPhone Developer";
				INFOPLIST_FILE = teaApp.3/Info.plist;
				LD_RUNPATH_SEARCH_PATHS = "$(inherited) @executable_path/Frameworks";
				PRODUCT_BUNDLE_IDENTIFIER = "testLab.teaApp-3";
				PRODUCT_NAME = "$(TARGET_NAME)";
				SWIFT_OBJC_BRIDGING_HEADER = "teaApp.3-Bridging-Header.h";
				SWIFT_OPTIMIZATION_LEVEL = "-Onone";
			};
			name = Debug;
		};
		2C68CD041B8DBFD500467D29 /* Release */ = {
			isa = XCBuildConfiguration;
			buildSettings = {
				ASSETCATALOG_COMPILER_APPICON_NAME = AppIcon;
				CLANG_ENABLE_MODULES = YES;
				CODE_SIGN_IDENTITY = "iPhone Developer";
				INFOPLIST_FILE = teaApp.3/Info.plist;
				LD_RUNPATH_SEARCH_PATHS = "$(inherited) @executable_path/Frameworks";
				PRODUCT_BUNDLE_IDENTIFIER = "testLab.teaApp-3";
				PRODUCT_NAME = "$(TARGET_NAME)";
				SWIFT_OBJC_BRIDGING_HEADER = "teaApp.3-Bridging-Header.h";
			};
			name = Release;
		};
		2C68CD061B8DBFD500467D29 /* Debug */ = {
			isa = XCBuildConfiguration;
			buildSettings = {
				BUNDLE_LOADER = "$(TEST_HOST)";
				INFOPLIST_FILE = teaApp.3Tests/Info.plist;
				LD_RUNPATH_SEARCH_PATHS = "$(inherited) @executable_path/Frameworks @loader_path/Frameworks";
				PRODUCT_BUNDLE_IDENTIFIER = "testLab.teaApp-3Tests";
				PRODUCT_NAME = "$(TARGET_NAME)";
				TEST_HOST = "$(BUILT_PRODUCTS_DIR)/teaApp.3.app/teaApp.3";
			};
			name = Debug;
		};
		2C68CD071B8DBFD500467D29 /* Release */ = {
			isa = XCBuildConfiguration;
			buildSettings = {
				BUNDLE_LOADER = "$(TEST_HOST)";
				INFOPLIST_FILE = teaApp.3Tests/Info.plist;
				LD_RUNPATH_SEARCH_PATHS = "$(inherited) @executable_path/Frameworks @loader_path/Frameworks";
				PRODUCT_BUNDLE_IDENTIFIER = "testLab.teaApp-3Tests";
				PRODUCT_NAME = "$(TARGET_NAME)";
				TEST_HOST = "$(BUILT_PRODUCTS_DIR)/teaApp.3.app/teaApp.3";
			};
			name = Release;
		};
		2C68CD091B8DBFD500467D29 /* Debug */ = {
			isa = XCBuildConfiguration;
			buildSettings = {
				INFOPLIST_FILE = teaApp.3UITests/Info.plist;
				LD_RUNPATH_SEARCH_PATHS = "$(inherited) @executable_path/Frameworks @loader_path/Frameworks";
				PRODUCT_BUNDLE_IDENTIFIER = "testLab.teaApp-3UITests";
				PRODUCT_NAME = "$(TARGET_NAME)";
				TEST_TARGET_NAME = teaApp.3;
				USES_XCTRUNNER = YES;
			};
			name = Debug;
		};
		2C68CD0A1B8DBFD500467D29 /* Release */ = {
			isa = XCBuildConfiguration;
			buildSettings = {
				INFOPLIST_FILE = teaApp.3UITests/Info.plist;
				LD_RUNPATH_SEARCH_PATHS = "$(inherited) @executable_path/Frameworks @loader_path/Frameworks";
				PRODUCT_BUNDLE_IDENTIFIER = "testLab.teaApp-3UITests";
				PRODUCT_NAME = "$(TARGET_NAME)";
				TEST_TARGET_NAME = teaApp.3;
				USES_XCTRUNNER = YES;
			};
			name = Release;
		};
/* End XCBuildConfiguration section */

/* Begin XCConfigurationList section */
		2C68CCD51B8DBFD500467D29 /* Build configuration list for PBXProject "teaApp.3" */ = {
			isa = XCConfigurationList;
			buildConfigurations = (
				2C68CD001B8DBFD500467D29 /* Debug */,
				2C68CD011B8DBFD500467D29 /* Release */,
			);
			defaultConfigurationIsVisible = 0;
			defaultConfigurationName = Release;
		};
		2C68CD021B8DBFD500467D29 /* Build configuration list for PBXNativeTarget "teaApp.3" */ = {
			isa = XCConfigurationList;
			buildConfigurations = (
				2C68CD031B8DBFD500467D29 /* Debug */,
				2C68CD041B8DBFD500467D29 /* Release */,
			);
			defaultConfigurationIsVisible = 0;
			defaultConfigurationName = Release;
		};
		2C68CD051B8DBFD500467D29 /* Build configuration list for PBXNativeTarget "teaApp.3Tests" */ = {
			isa = XCConfigurationList;
			buildConfigurations = (
				2C68CD061B8DBFD500467D29 /* Debug */,
				2C68CD071B8DBFD500467D29 /* Release */,
			);
			defaultConfigurationIsVisible = 0;
			defaultConfigurationName = Release;
		};
		2C68CD081B8DBFD500467D29 /* Build configuration list for PBXNativeTarget "teaApp.3UITests" */ = {
			isa = XCConfigurationList;
			buildConfigurations = (
				2C68CD091B8DBFD500467D29 /* Debug */,
				2C68CD0A1B8DBFD500467D29 /* Release */,
			);
			defaultConfigurationIsVisible = 0;
			defaultConfigurationName = Release;
		};
/* End XCConfigurationList section */
	};
	rootObject = 2C68CCD21B8DBFD500467D29 /* Project object */;
}
